# This file is autogenerated, do not edit; changes may be undone by the next 'dep ensure'.


[[projects]]
  branch = "master"
  digest = "1:5d27f418111c6c89186c8499e271743728bf75eb706ee7618efaf544a29334ce"
  name = "github.com/flopp/go-findfont"
  packages = ["."]
  pruneopts = "UT"
  revision = "9c9287a99f3b9b02a2be480b9414f3335c0bcb4e"

[[projects]]
  branch = "master"
  digest = "1:7a6377256f670508711c56c25556d639e673c0fa0f519c5a758fdcbfc8af9ac8"
  name = "github.com/golang/freetype"
  packages = [
    ".",
    "raster",
    "truetype",
  ]
  pruneopts = "UT"
  revision = "e2365dfdc4a05e4b8299a783240d4a7d5a65d4e4"

[[projects]]
  branch = "master"
  digest = "1:6d674a768fd27ad126eb8357ebbc14cb5b000badd62d4b7cbe403abb231e099e"
  name = "golang.org/x/image"
  packages = [
    "font",
    "math/fixed",
  ]
  pruneopts = "UT"
  revision = "0694c2d4d067f97ebef574d63a763ee8ab559da7"

[solve-meta]
  analyzer-name = "dep"
  analyzer-version = 1
  input-imports = [
    "github.com/flopp/go-findfont",
    "github.com/golang/freetype",
    "github.com/golang/freetype/truetype",
  ]
  solver-name = "gps-cdcl"
  solver-version = 1
